
Microsoft Visual Studio Solution File, Format Version 12.00
# Visual Studio Version 17
VisualStudioVersion = 17.11.35327.3
MinimumVisualStudioVersion = 10.0.40219.1
Project("{FAE04EC0-301F-11D3-BF4B-00C04F79EFBC}") = "ProjetoSala", "ProjetoSala\ProjetoSala.csproj", "{8D625F59-29BB-4212-AA70-3FCA24086C92}"
EndProject
Global
	GlobalSection(SolutionConfigurationPlatforms) = preSolution
		Debug|Any CPU = Debug|Any CPU
		Release|Any CPU = Release|Any CPU
	EndGlobalSection
	GlobalSection(ProjectConfigurationPlatforms) = postSolution
		{8D625F59-29BB-4212-AA70-3FCA24086C92}.Debug|Any CPU.ActiveCfg = Debug|Any CPU
		{8D625F59-29BB-4212-AA70-3FCA24086C92}.Debug|Any CPU.Build.0 = Debug|Any CPU
		{8D625F59-29BB-4212-AA70-3FCA24086C92}.Release|Any CPU.ActiveCfg = Release|Any CPU
		{8D625F59-29BB-4212-AA70-3FCA24086C92}.Release|Any CPU.Build.0 = Release|Any CPU
	EndGlobalSection
	GlobalSection(SolutionProperties) = preSolution
		HideSolutionNode = FALSE
	EndGlobalSection
	GlobalSection(ExtensibilityGlobals) = postSolution
		SolutionGuid = {4674ED48-7113-4931-8161-386D4EF40171}
	EndGlobalSection
EndGlobal
